// !$*UTF8*$!
{
	archiveVersion = 1;
	classes = {
	};
	objectVersion = 55;
	objects = {

/* Begin PBXBuildFile section */
		D2274BD028B3F61E0086EFB0 /* NasaImCombApp.swift in Sources */ = {isa = PBXBuildFile; fileRef = D2274BCF28B3F61E0086EFB0 /* NasaImCombApp.swift */; };
		D2274BD228B3F61E0086EFB0 /* ContentView.swift in Sources */ = {isa = PBXBuildFile; fileRef = D2274BD128B3F61E0086EFB0 /* ContentView.swift */; };
		D2274BD428B3F61F0086EFB0 /* Assets.xcassets in Resources */ = {isa = PBXBuildFile; fileRef = D2274BD328B3F61F0086EFB0 /* Assets.xcassets */; };
		D2274BD728B3F61F0086EFB0 /* Preview Assets.xcassets in Resources */ = {isa = PBXBuildFile; fileRef = D2274BD628B3F61F0086EFB0 /* Preview Assets.xcassets */; };
		D2274BE128B3F7930086EFB0 /* MyModel.swift in Sources */ = {isa = PBXBuildFile; fileRef = D2274BE028B3F7930086EFB0 /* MyModel.swift */; };
		D2274BE528B3F7FF0086EFB0 /* NasaImageView.swift in Sources */ = {isa = PBXBuildFile; fileRef = D2274BE428B3F7FF0086EFB0 /* NasaImageView.swift */; };
		D2274BE728B3F8230086EFB0 /* NasaViewModel.swift in Sources */ = {isa = PBXBuildFile; fileRef = D2274BE628B3F8230086EFB0 /* NasaViewModel.swift */; };
		D2274BEA28B407DE0086EFB0 /* NetworkManager.swift in Sources */ = {isa = PBXBuildFile; fileRef = D2274BE928B407DE0086EFB0 /* NetworkManager.swift */; };
		D2274BEC28B408120086EFB0 /* NetworkError.swift in Sources */ = {isa = PBXBuildFile; fileRef = D2274BEB28B408120086EFB0 /* NetworkError.swift */; };
		D2274BEE28B4084C0086EFB0 /* NetworkParams.swift in Sources */ = {isa = PBXBuildFile; fileRef = D2274BED28B4084C0086EFB0 /* NetworkParams.swift */; };
		D2274BF028B408880086EFB0 /* ImageCache.swift in Sources */ = {isa = PBXBuildFile; fileRef = D2274BEF28B408880086EFB0 /* ImageCache.swift */; };
		D2274C1428B5AD810086EFB0 /* NasaDetailView.swift in Sources */ = {isa = PBXBuildFile; fileRef = D2274C1328B5AD810086EFB0 /* NasaDetailView.swift */; };
/* End PBXBuildFile section */

/* Begin PBXFileReference section */
		D2274BCC28B3F61E0086EFB0 /* NasaImComb.app */ = {isa = PBXFileReference; explicitFileType = wrapper.application; includeInIndex = 0; path = NasaImComb.app; sourceTree = BUILT_PRODUCTS_DIR; };
		D2274BCF28B3F61E0086EFB0 /* NasaImCombApp.swift */ = {isa = PBXFileReference; lastKnownFileType = sourcecode.swift; path = NasaImCombApp.swift; sourceTree = "<group>"; };
		D2274BD128B3F61E0086EFB0 /* ContentView.swift */ = {isa = PBXFileReference; lastKnownFileType = sourcecode.swift; path = ContentView.swift; sourceTree = "<group>"; };
		D2274BD328B3F61F0086EFB0 /* Assets.xcassets */ = {isa = PBXFileReference; lastKnownFileType = folder.assetcatalog; path = Assets.xcassets; sourceTree = "<group>"; };
		D2274BD628B3F61F0086EFB0 /* Preview Assets.xcassets */ = {isa = PBXFileReference; lastKnownFileType = folder.assetcatalog; path = "Preview Assets.xcassets"; sourceTree = "<group>"; };
		D2274BE028B3F7930086EFB0 /* MyModel.swift */ = {isa = PBXFileReference; lastKnownFileType = sourcecode.swift; path = MyModel.swift; sourceTree = "<group>"; };
		D2274BE428B3F7FF0086EFB0 /* NasaImageView.swift */ = {isa = PBXFileReference; lastKnownFileType = sourcecode.swift; path = NasaImageView.swift; sourceTree = "<group>"; };
		D2274BE628B3F8230086EFB0 /* NasaViewModel.swift */ = {isa = PBXFileReference; lastKnownFileType = sourcecode.swift; path = NasaViewModel.swift; sourceTree = "<group>"; };
		D2274BE928B407DE0086EFB0 /* NetworkManager.swift */ = {isa = PBXFileReference; lastKnownFileType = sourcecode.swift; path = NetworkManager.swift; sourceTree = "<group>"; };
		D2274BEB28B408120086EFB0 /* NetworkError.swift */ = {isa = PBXFileReference; lastKnownFileType = sourcecode.swift; path = NetworkError.swift; sourceTree = "<group>"; };
		D2274BED28B4084C0086EFB0 /* NetworkParams.swift */ = {isa = PBXFileReference; lastKnownFileType = sourcecode.swift; path = NetworkParams.swift; sourceTree = "<group>"; };
		D2274BEF28B408880086EFB0 /* ImageCache.swift */ = {isa = PBXFileReference; lastKnownFileType = sourcecode.swift; path = ImageCache.swift; sourceTree = "<group>"; };
		D2274C1328B5AD810086EFB0 /* NasaDetailView.swift */ = {isa = PBXFileReference; lastKnownFileType = sourcecode.swift; path = NasaDetailView.swift; sourceTree = "<group>"; };
/* End PBXFileReference section */

/* Begin PBXFrameworksBuildPhase section */
		D2274BC928B3F61E0086EFB0 /* Frameworks */ = {
			isa = PBXFrameworksBuildPhase;
			buildActionMask = 2147483647;
			files = (
			);
			runOnlyForDeploymentPostprocessing = 0;
		};
/* End PBXFrameworksBuildPhase section */

/* Begin PBXGroup section */
		D2274BC328B3F61E0086EFB0 = {
			isa = PBXGroup;
			children = (
				D2274BDF28B3F64E0086EFB0 /* View */,
				D2274BE828B407820086EFB0 /* Servivce */,
				D2274BDE28B3F6480086EFB0 /* ViewModel */,
				D2274BDD28B3F63F0086EFB0 /* Model */,
				D2274BCE28B3F61E0086EFB0 /* NasaImComb */,
				D2274BCD28B3F61E0086EFB0 /* Products */,
			);
			sourceTree = "<group>";
		};
		D2274BCD28B3F61E0086EFB0 /* Products */ = {
			isa = PBXGroup;
			children = (
				D2274BCC28B3F61E0086EFB0 /* NasaImComb.app */,
			);
			name = Products;
			sourceTree = "<group>";
		};
		D2274BCE28B3F61E0086EFB0 /* NasaImComb */ = {
			isa = PBXGroup;
			children = (
				D2274BCF28B3F61E0086EFB0 /* NasaImCombApp.swift */,
				D2274BD328B3F61F0086EFB0 /* Assets.xcassets */,
				D2274BD528B3F61F0086EFB0 /* Preview Content */,
			);
			path = NasaImComb;
			sourceTree = "<group>";
		};
		D2274BD528B3F61F0086EFB0 /* Preview Content */ = {
			isa = PBXGroup;
			children = (
				D2274BD628B3F61F0086EFB0 /* Preview Assets.xcassets */,
			);
			path = "Preview Content";
			sourceTree = "<group>";
		};
		D2274BDD28B3F63F0086EFB0 /* Model */ = {
			isa = PBXGroup;
			children = (
				D2274BE028B3F7930086EFB0 /* MyModel.swift */,
			);
			path = Model;
			sourceTree = "<group>";
		};
		D2274BDE28B3F6480086EFB0 /* ViewModel */ = {
			isa = PBXGroup;
			children = (
				D2274BE628B3F8230086EFB0 /* NasaViewModel.swift */,
			);
			path = ViewModel;
			sourceTree = "<group>";
		};
		D2274BDF28B3F64E0086EFB0 /* View */ = {
			isa = PBXGroup;
			children = (
				D2274BE428B3F7FF0086EFB0 /* NasaImageView.swift */,
				D2274BD128B3F61E0086EFB0 /* ContentView.swift */,
				D2274C1328B5AD810086EFB0 /* NasaDetailView.swift */,
			);
			path = View;
			sourceTree = "<group>";
		};
		D2274BE828B407820086EFB0 /* Servivce */ = {
			isa = PBXGroup;
			children = (
				D2274BE928B407DE0086EFB0 /* NetworkManager.swift */,
				D2274BEB28B408120086EFB0 /* NetworkError.swift */,
				D2274BED28B4084C0086EFB0 /* NetworkParams.swift */,
				D2274BEF28B408880086EFB0 /* ImageCache.swift */,
			);
			path = Servivce;
			sourceTree = "<group>";
		};
/* End PBXGroup section */

/* Begin PBXNativeTarget section */
		D2274BCB28B3F61E0086EFB0 /* NasaImComb */ = {
			isa = PBXNativeTarget;
			buildConfigurationList = D2274BDA28B3F61F0086EFB0 /* Build configuration list for PBXNativeTarget "NasaImComb" */;
			buildPhases = (
				D2274BC828B3F61E0086EFB0 /* Sources */,
				D2274BC928B3F61E0086EFB0 /* Frameworks */,
				D2274BCA28B3F61E0086EFB0 /* Resources */,
			);
			buildRules = (
			);
			dependencies = (
			);
			name = NasaImComb;
			productName = NasaImComb;
			productReference = D2274BCC28B3F61E0086EFB0 /* NasaImComb.app */;
			productType = "com.apple.product-type.application";
		};
/* End PBXNativeTarget section */

/* Begin PBXProject section */
		D2274BC428B3F61E0086EFB0 /* Project object */ = {
			isa = PBXProject;
			attributes = {
				BuildIndependentTargetsInParallel = 1;
				LastSwiftUpdateCheck = 1340;
				LastUpgradeCheck = 1340;
				TargetAttributes = {
					D2274BCB28B3F61E0086EFB0 = {
						CreatedOnToolsVersion = 13.4.1;
					};
				};
			};
			buildConfigurationList = D2274BC728B3F61E0086EFB0 /* Build configuration list for PBXProject "NasaImComb" */;
			compatibilityVersion = "Xcode 13.0";
			developmentRegion = en;
			hasScannedForEncodings = 0;
			knownRegions = (
				en,
				Base,
			);
			mainGroup = D2274BC328B3F61E0086EFB0;
			productRefGroup = D2274BCD28B3F61E0086EFB0 /* Products */;
			projectDirPath = "";
			projectRoot = "";
			targets = (
				D2274BCB28B3F61E0086EFB0 /* NasaImComb */,
			);
		};
/* End PBXProject section */

/* Begin PBXResourcesBuildPhase section */
		D2274BCA28B3F61E0086EFB0 /* Resources */ = {
			isa = PBXResourcesBuildPhase;
			buildActionMask = 2147483647;
			files = (
				D2274BD728B3F61F0086EFB0 /* Preview Assets.xcassets in Resources */,
				D2274BD428B3F61F0086EFB0 /* Assets.xcassets in Resources */,
			);
			runOnlyForDeploymentPostprocessing = 0;
		};
/* End PBXResourcesBuildPhase section */

/* Begin PBXSourcesBuildPhase section */
		D2274BC828B3F61E0086EFB0 /* Sources */ = {
			isa = PBXSourcesBuildPhase;
			buildActionMask = 2147483647;
			files = (
				D2274BEA28B407DE0086EFB0 /* NetworkManager.swift in Sources */,
				D2274BEC28B408120086EFB0 /* NetworkError.swift in Sources */,
				D2274C1428B5AD810086EFB0 /* NasaDetailView.swift in Sources */,
				D2274BD228B3F61E0086EFB0 /* ContentView.swift in Sources */,
				D2274BF028B408880086EFB0 /* ImageCache.swift in Sources */,
				D2274BE128B3F7930086EFB0 /* MyModel.swift in Sources */,
				D2274BEE28B4084C0086EFB0 /* NetworkParams.swift in Sources */,
				D2274BE528B3F7FF0086EFB0 /* NasaImageView.swift in Sources */,
				D2274BD028B3F61E0086EFB0 /* NasaImCombApp.swift in Sources */,
				D2274BE728B3F8230086EFB0 /* NasaViewModel.swift in Sources */,
			);
			runOnlyForDeploymentPostprocessing = 0;
		};
/* End PBXSourcesBuildPhase section */

/* Begin XCBuildConfiguration section */
		D2274BD828B3F61F0086EFB0 /* Debug */ = {
			isa = XCBuildConfiguration;
			buildSettings = {
				ALWAYS_SEARCH_USER_PATHS = NO;
				CLANG_ANALYZER_NONNULL = YES;
				CLANG_ANALYZER_NUMBER_OBJECT_CONVERSION = YES_AGGRESSIVE;
				CLANG_CXX_LANGUAGE_STANDARD = "gnu++17";
				CLANG_ENABLE_MODULES = YES;
				CLANG_ENABLE_OBJC_ARC = YES;
				CLANG_ENABLE_OBJC_WEAK = YES;
				CLANG_WARN_BLOCK_CAPTURE_AUTORELEASING = YES;
				CLANG_WARN_BOOL_CONVERSION = YES;
				CLANG_WARN_COMMA = YES;
				CLANG_WARN_CONSTANT_CONVERSION = YES;
				CLANG_WARN_DEPRECATED_OBJC_IMPLEMENTATIONS = YES;
				CLANG_WARN_DIRECT_OBJC_ISA_USAGE = YES_ERROR;
				CLANG_WARN_DOCUMENTATION_COMMENTS = YES;
				CLANG_WARN_EMPTY_BODY = YES;
				CLANG_WARN_ENUM_CONVERSION = YES;
				CLANG_WARN_INFINITE_RECURSION = YES;
				CLANG_WARN_INT_CONVERSION = YES;
				CLANG_WARN_NON_LITERAL_NULL_CONVERSION = YES;
				CLANG_WARN_OBJC_IMPLICIT_RETAIN_SELF = YES;
				CLANG_WARN_OBJC_LITERAL_CONVERSION = YES;
				CLANG_WARN_OBJC_ROOT_CLASS = YES_ERROR;
				CLANG_WARN_QUOTED_INCLUDE_IN_FRAMEWORK_HEADER = YES;
				CLANG_WARN_RANGE_LOOP_ANALYSIS = YES;
				CLANG_WARN_STRICT_PROTOTYPES = YES;
				CLANG_WARN_SUSPICIOUS_MOVE = YES;
				CLANG_WARN_UNGUARDED_AVAILABILITY = YES_AGGRESSIVE;
				CLANG_WARN_UNREACHABLE_CODE = YES;
				CLANG_WARN__DUPLICATE_METHOD_MATCH = YES;
				COPY_PHASE_STRIP = NO;
				DEBUG_INFORMATION_FORMAT = dwarf;
				ENABLE_STRICT_OBJC_MSGSEND = YES;
				ENABLE_TESTABILITY = YES;
				GCC_C_LANGUAGE_STANDARD = gnu11;
				GCC_DYNAMIC_NO_PIC = NO;
				GCC_NO_COMMON_BLOCKS = YES;
				GCC_OPTIMIZATION_LEVEL = 0;
				GCC_PREPROCESSOR_DEFINITIONS = (
					"DEBUG=1",
					"$(inherited)",
				);
				GCC_WARN_64_TO_32_BIT_CONVERSION = YES;
				GCC_WARN_ABOUT_RETURN_TYPE = YES_ERROR;
				GCC_WARN_UNDECLARED_SELECTOR = YES;
				GCC_WARN_UNINITIALIZED_AUTOS = YES_AGGRESSIVE;
				GCC_WARN_UNUSED_FUNCTION = YES;
				GCC_WARN_UNUSED_VARIABLE = YES;
				IPHONEOS_DEPLOYMENT_TARGET = 15.5;
				MTL_ENABLE_DEBUG_INFO = INCLUDE_SOURCE;
				MTL_FAST_MATH = YES;
				ONLY_ACTIVE_ARCH = YES;
				SDKROOT = iphoneos;
				SWIFT_ACTIVE_COMPILATION_CONDITIONS = DEBUG;
				SWIFT_OPTIMIZATION_LEVEL = "-Onone";
			};
			name = Debug;
		};
		D2274BD928B3F61F0086EFB0 /* Release */ = {
			isa = XCBuildConfiguration;
			buildSettings = {
				ALWAYS_SEARCH_USER_PATHS = NO;
				CLANG_ANALYZER_NONNULL = YES;
				CLANG_ANALYZER_NUMBER_OBJECT_CONVERSION = YES_AGGRESSIVE;
				CLANG_CXX_LANGUAGE_STANDARD = "gnu++17";
				CLANG_ENABLE_MODULES = YES;
				CLANG_ENABLE_OBJC_ARC = YES;
				CLANG_ENABLE_OBJC_WEAK = YES;
				CLANG_WARN_BLOCK_CAPTURE_AUTORELEASING = YES;
				CLANG_WARN_BOOL_CONVERSION = YES;
				CLANG_WARN_COMMA = YES;
				CLANG_WARN_CONSTANT_CONVERSION = YES;
				CLANG_WARN_DEPRECATED_OBJC_IMPLEMENTATIONS = YES;
				CLANG_WARN_DIRECT_OBJC_ISA_USAGE = YES_ERROR;
				CLANG_WARN_DOCUMENTATION_COMMENTS = YES;
				CLANG_WARN_EMPTY_BODY = YES;
				CLANG_WARN_ENUM_CONVERSION = YES;
				CLANG_WARN_INFINITE_RECURSION = YES;
				CLANG_WARN_INT_CONVERSION = YES;
				CLANG_WARN_NON_LITERAL_NULL_CONVERSION = YES;
				CLANG_WARN_OBJC_IMPLICIT_RETAIN_SELF = YES;
				CLANG_WARN_OBJC_LITERAL_CONVERSION = YES;
				CLANG_WARN_OBJC_ROOT_CLASS = YES_ERROR;
				CLANG_WARN_QUOTED_INCLUDE_IN_FRAMEWORK_HEADER = YES;
				CLANG_WARN_RANGE_LOOP_ANALYSIS = YES;
				CLANG_WARN_STRICT_PROTOTYPES = YES;
				CLANG_WARN_SUSPICIOUS_MOVE = YES;
				CLANG_WARN_UNGUARDED_AVAILABILITY = YES_AGGRESSIVE;
				CLANG_WARN_UNREACHABLE_CODE = YES;
				CLANG_WARN__DUPLICATE_METHOD_MATCH = YES;
				COPY_PHASE_STRIP = NO;
				DEBUG_INFORMATION_FORMAT = "dwarf-with-dsym";
				ENABLE_NS_ASSERTIONS = NO;
				ENABLE_STRICT_OBJC_MSGSEND = YES;
				GCC_C_LANGUAGE_STANDARD = gnu11;
				GCC_NO_COMMON_BLOCKS = YES;
				GCC_WARN_64_TO_32_BIT_CONVERSION = YES;
				GCC_WARN_ABOUT_RETURN_TYPE = YES_ERROR;
				GCC_WARN_UNDECLARED_SELECTOR = YES;
				GCC_WARN_UNINITIALIZED_AUTOS = YES_AGGRESSIVE;
				GCC_WARN_UNUSED_FUNCTION = YES;
				GCC_WARN_UNUSED_VARIABLE = YES;
				IPHONEOS_DEPLOYMENT_TARGET = 15.5;
				MTL_ENABLE_DEBUG_INFO = NO;
				MTL_FAST_MATH = YES;
				SDKROOT = iphoneos;
				SWIFT_COMPILATION_MODE = wholemodule;
				SWIFT_OPTIMIZATION_LEVEL = "-O";
				VALIDATE_PRODUCT = YES;
			};
			name = Release;
		};
		D2274BDB28B3F61F0086EFB0 /* Debug */ = {
			isa = XCBuildConfiguration;
			buildSettings = {
				ASSETCATALOG_COMPILER_APPICON_NAME = AppIcon;
				ASSETCATALOG_COMPILER_GLOBAL_ACCENT_COLOR_NAME = AccentColor;
				CODE_SIGN_STYLE = Automatic;
				CURRENT_PROJECT_VERSION = 1;
				DEVELOPMENT_ASSET_PATHS = "\"NasaImComb/Preview Content\"";
				ENABLE_PREVIEWS = YES;
				GENERATE_INFOPLIST_FILE = YES;
				INFOPLIST_KEY_UIApplicationSceneManifest_Generation = YES;
				INFOPLIST_KEY_UIApplicationSupportsIndirectInputEvents = YES;
				INFOPLIST_KEY_UILaunchScreen_Generation = YES;
				INFOPLIST_KEY_UISupportedInterfaceOrientations_iPad = "UIInterfaceOrientationPortrait UIInterfaceOrientationPortraitUpsideDown UIInterfaceOrientationLandscapeLeft UIInterfaceOrientationLandscapeRight";
				INFOPLIST_KEY_UISupportedInterfaceOrientations_iPhone = "UIInterfaceOrientationPortrait UIInterfaceOrientationLandscapeLeft UIInterfaceOrientationLandscapeRight";
				LD_RUNPATH_SEARCH_PATHS = (
					"$(inherited)",
					"@executable_path/Frameworks",
				);
				MARKETING_VERSION = 1.0;
				PRODUCT_BUNDLE_IDENTIFIER = FirstPoke.NasaImComb;
				PRODUCT_NAME = "$(TARGET_NAME)";
				SWIFT_EMIT_LOC_STRINGS = YES;
				SWIFT_VERSION = 5.0;
				TARGETED_DEVICE_FAMILY = "1,2";
			};
			name = Debug;
		};
		D2274BDC28B3F61F0086EFB0 /* Release */ = {
			isa = XCBuildConfiguration;
			buildSettings = {
				ASSETCATALOG_COMPILER_APPICON_NAME = AppIcon;
				ASSETCATALOG_COMPILER_GLOBAL_ACCENT_COLOR_NAME = AccentColor;
				CODE_SIGN_STYLE = Automatic;
				CURRENT_PROJECT_VERSION = 1;
				DEVELOPMENT_ASSET_PATHS = "\"NasaImComb/Preview Content\"";
				ENABLE_PREVIEWS = YES;
				GENERATE_INFOPLIST_FILE = YES;
				INFOPLIST_KEY_UIApplicationSceneManifest_Generation = YES;
				INFOPLIST_KEY_UIApplicationSupportsIndirectInputEvents = YES;
				INFOPLIST_KEY_UILaunchScreen_Generation = YES;
				INFOPLIST_KEY_UISupportedInterfaceOrientations_iPad = "UIInterfaceOrientationPortrait UIInterfaceOrientationPortraitUpsideDown UIInterfaceOrientationLandscapeLeft UIInterfaceOrientationLandscapeRight";
				INFOPLIST_KEY_UISupportedInterfaceOrientations_iPhone = "UIInterfaceOrientationPortrait UIInterfaceOrientationLandscapeLeft UIInterfaceOrientationLandscapeRight";
				LD_RUNPATH_SEARCH_PATHS = (
					"$(inherited)",
					"@executable_path/Frameworks",
				);
				MARKETING_VERSION = 1.0;
				PRODUCT_BUNDLE_IDENTIFIER = FirstPoke.NasaImComb;
				PRODUCT_NAME = "$(TARGET_NAME)";
				SWIFT_EMIT_LOC_STRINGS = YES;
				SWIFT_VERSION = 5.0;
				TARGETED_DEVICE_FAMILY = "1,2";
			};
			name = Release;
		};
/* End XCBuildConfiguration section */

/* Begin XCConfigurationList section */
		D2274BC728B3F61E0086EFB0 /* Build configuration list for PBXProject "NasaImComb" */ = {
			isa = XCConfigurationList;
			buildConfigurations = (
				D2274BD828B3F61F0086EFB0 /* Debug */,
				D2274BD928B3F61F0086EFB0 /* Release */,
			);
			defaultConfigurationIsVisible = 0;
			defaultConfigurationName = Release;
		};
		D2274BDA28B3F61F0086EFB0 /* Build configuration list for PBXNativeTarget "NasaImComb" */ = {
			isa = XCConfigurationList;
			buildConfigurations = (
				D2274BDB28B3F61F0086EFB0 /* Debug */,
				D2274BDC28B3F61F0086EFB0 /* Release */,
			);
			defaultConfigurationIsVisible = 0;
			defaultConfigurationName = Release;
		};
/* End XCConfigurationList section */
	};
	rootObject = D2274BC428B3F61E0086EFB0 /* Project object */;
}
